{
  "name": "my-app",
  "version": "1.0.0",
  "lockfileVersion": 2,
  "requires": true,
  "packages": {
    "": {
      "name": "my-app",
      "version": "1.0.0",
      "license": "ISC",
      "dependencies": {
        "my-module": "github:siddarthkudligi/my-module"
      }
    },
    "node_modules/my-module": {
      "version": "1.0.0",
      "resolved": "git+ssh://git@github.com/siddarthkudligi/my-module.git#012ed4bf13cc276753fac70495605857786831c5",
      "license": "ISC"
    }
  },
  "dependencies": {
    "my-module": {
      "version": "git+ssh://git@github.com/siddarthkudligi/my-module.git#012ed4bf13cc276753fac70495605857786831c5",
      "from": "my-module@git+https://github.com/siddarthkudligi/my-module.git"
    }
  }
}
